
Microsoft Visual Studio Solution File, Format Version 12.00
Project("{FAE04EC0-301F-11D3-BF4B-00C04F79EFBC}") = "BuilderYFactory", "BuilderYFactory\BuilderYFactory.csproj", "{66D13CDB-7B2D-416F-8462-A9D44858B729}"
EndProject
Project("{FAE04EC0-301F-11D3-BF4B-00C04F79EFBC}") = "MorningRoutine", "MorningRoutine\MorningRoutine.csproj", "{9BE36D42-0DAB-4372-9E92-12DD0F8386C5}"
EndProject
Project("{FAE04EC0-301F-11D3-BF4B-00C04F79EFBC}") = "CajeroAutomatico", "CajeroAutomatico\CajeroAutomatico.csproj", "{8A0C0128-51B8-4DF2-8AD1-602A95A7E1BE}"
EndProject
Project("{FAE04EC0-301F-11D3-BF4B-00C04F79EFBC}") = "GameOfLiveConWay", "GameOfLiveConWay\GameOfLiveConWay.csproj", "{D8070837-194D-4240-A4E0-4DE61CCFE1EE}"
EndProject
Global
	GlobalSection(SolutionConfigurationPlatforms) = preSolution
		Debug|Any CPU = Debug|Any CPU
		Release|Any CPU = Release|Any CPU
	EndGlobalSection
	GlobalSection(ProjectConfigurationPlatforms) = postSolution
		{66D13CDB-7B2D-416F-8462-A9D44858B729}.Debug|Any CPU.ActiveCfg = Debug|Any CPU
		{66D13CDB-7B2D-416F-8462-A9D44858B729}.Debug|Any CPU.Build.0 = Debug|Any CPU
		{66D13CDB-7B2D-416F-8462-A9D44858B729}.Release|Any CPU.ActiveCfg = Release|Any CPU
		{66D13CDB-7B2D-416F-8462-A9D44858B729}.Release|Any CPU.Build.0 = Release|Any CPU
		{9BE36D42-0DAB-4372-9E92-12DD0F8386C5}.Debug|Any CPU.ActiveCfg = Debug|Any CPU
		{9BE36D42-0DAB-4372-9E92-12DD0F8386C5}.Debug|Any CPU.Build.0 = Debug|Any CPU
		{9BE36D42-0DAB-4372-9E92-12DD0F8386C5}.Release|Any CPU.ActiveCfg = Release|Any CPU
		{9BE36D42-0DAB-4372-9E92-12DD0F8386C5}.Release|Any CPU.Build.0 = Release|Any CPU
		{8A0C0128-51B8-4DF2-8AD1-602A95A7E1BE}.Debug|Any CPU.ActiveCfg = Debug|Any CPU
		{8A0C0128-51B8-4DF2-8AD1-602A95A7E1BE}.Debug|Any CPU.Build.0 = Debug|Any CPU
		{8A0C0128-51B8-4DF2-8AD1-602A95A7E1BE}.Release|Any CPU.ActiveCfg = Release|Any CPU
		{8A0C0128-51B8-4DF2-8AD1-602A95A7E1BE}.Release|Any CPU.Build.0 = Release|Any CPU
		{D8070837-194D-4240-A4E0-4DE61CCFE1EE}.Debug|Any CPU.ActiveCfg = Debug|Any CPU
		{D8070837-194D-4240-A4E0-4DE61CCFE1EE}.Debug|Any CPU.Build.0 = Debug|Any CPU
		{D8070837-194D-4240-A4E0-4DE61CCFE1EE}.Release|Any CPU.ActiveCfg = Release|Any CPU
		{D8070837-194D-4240-A4E0-4DE61CCFE1EE}.Release|Any CPU.Build.0 = Release|Any CPU
	EndGlobalSection
EndGlobal
